{
  "name": "quantterminal",
  "version": "2.1.0",
  "lockfileVersion": 3,
  "requires": true,
  "packages": {
    "": {
      "name": "quantterminal",
      "version": "2.1.0",
      "devDependencies": {
        "axe-core": "4.14.0",
        "d3-array": "3.2.4",
        "d3-geo": "3.1.1",
        "i18n-iso-countries": "7.14.0",
        "lightweight-charts": "4.2.3",
        "playwright-core": "1.56.1",
        "world-atlas": "2.0.2",
        "world-countries": "5.1.0"
      },
      "engines": {
        "node": ">=22"
      }
    },
    "node_modules/axe-core": {
      "version": "4.14.0",
      "resolved": "https://registry.npmjs.org/axe-core/-/axe-core-4.14.0.tgz",
      "integrity": "sha512-9WTZxEjsZ7b13TH8JPmbV2z8CHbl80/2hm3XPEG4JgNdQLK81IBRXmSxHfMAOkSqQeRxT/0dwNDz2GOm3zzpcQ==",
      "dev": true,
      "license": "MPL-2.0",
      "engines": {
        "node": ">=4"
      }
    },
    "node_modules/d3-array": {
      "version": "3.2.4",
      "resolved": "https://registry.npmjs.org/d3-array/-/d3-array-3.2.4.tgz",
      "integrity": "sha512-tdQAmyA18i4J7wprpYq8ClcxZy3SC31QMeByyCFyRt7BVHdREQZ5lpzoe5mFEYZUWe+oq8HBvk9JjpibyEV4Jg==",
      "dev": true,
      "license": "ISC",
      "dependencies": {
        "internmap": "1 - 2"
      },
      "engines": {
        "node": ">=12"
      }
    },
    "node_modules/d3-geo": {
      "version": "3.1.1",
      "resolved": "https://registry.npmjs.org/d3-geo/-/d3-geo-3.1.1.tgz",
      "integrity": "sha512-637ln3gXKXOwhalDzinUgY83KzNWZRKbYubaG+fGVuc/dxO64RRljtCTnf5ecMyE1RIdtqpkVcq0IbtU2S8j2Q==",
      "dev": true,
      "license": "ISC",
      "dependencies": {
        "d3-array": "2.5.0 - 3"
      },
      "engines": {
        "node": ">=12"
      }
    },
    "node_modules/diacritics": {
      "version": "1.3.0",
      "resolved": "https://registry.npmjs.org/diacritics/-/diacritics-1.3.0.tgz",
      "integrity": "sha512-wlwEkqcsaxvPJML+rDh/2iS824jbREk6DUMUKkEaSlxdYHeS43cClJtsWglvw2RfeXGm6ohKDqsXteJ5sP5enA==",
      "dev": true,
      "license": "MIT"
    },
    "node_modules/fancy-canvas": {
      "version": "2.1.0",
      "resolved": "https://registry.npmjs.org/fancy-canvas/-/fancy-canvas-2.1.0.tgz",
      "integrity": "sha512-nifxXJ95JNLFR2NgRV4/MxVP45G9909wJTEKz5fg/TZS20JJZA6hfgRVh/bC9bwl2zBtBNcYPjiBE4njQHVBwQ==",
      "dev": true,
      "license": "MIT"
    },
    "node_modules/i18n-iso-countries": {
      "version": "7.14.0",
      "resolved": "https://registry.npmjs.org/i18n-iso-countries/-/i18n-iso-countries-7.14.0.tgz",
      "integrity": "sha512-nXHJZYtNrfsi1UQbyRqm3Gou431elgLjKl//CYlnBGt5aTWdRPH1PiS2T/p/n8Q8LnqYqzQJik3Q7mkwvLokeg==",
      "dev": true,
      "license": "MIT",
      "dependencies": {
        "diacritics": "1.3.0"
      },
      "engines": {
        "node": ">= 12"
      }
    },
    "node_modules/internmap": {
      "version": "2.0.3",
      "resolved": "https://registry.npmjs.org/internmap/-/internmap-2.0.3.tgz",
      "integrity": "sha512-5Hh7Y1wQbvY5ooGgPbDaL5iYLAPzMTUrjMulskHLH6wnv/A+1q5rgEaiuqEjB+oxGXIVZs1FF+R/KPN3ZSQYYg==",
      "dev": true,
      "license": "ISC",
      "engines": {
        "node": ">=12"
      }
    },
    "node_modules/lightweight-charts": {
      "version": "4.2.3",
      "resolved": "https://registry.npmjs.org/lightweight-charts/-/lightweight-charts-4.2.3.tgz",
      "integrity": "sha512-5kS/2hY3wNYNzhnS8Gb+GAS07DX8GPF2YVDnd2NMC85gJVQ6RLU6YrXNgNJ6eg0AnWPwCnvaGtYmGky3HiLQEw==",
      "dev": true,
      "license": "Apache-2.0",
      "dependencies": {
        "fancy-canvas": "2.1.0"
      }
    },
    "node_modules/playwright-core": {
      "version": "1.56.1",
      "resolved": "https://registry.npmjs.org/playwright-core/-/playwright-core-1.56.1.tgz",
      "integrity": "sha512-hutraynyn31F+Bifme+Ps9Vq59hKuUCz7H1kDOcBs+2oGguKkWTU50bBWrtz34OUWmIwpBTWDxaRPXrIXkgvmQ==",
      "dev": true,
      "license": "Apache-2.0",
      "bin": {
        "playwright-core": "cli.js"
      },
      "engines": {
        "node": ">=18"
      }
    },
    "node_modules/world-atlas": {
      "version": "2.0.2",
      "resolved": "https://registry.npmjs.org/world-atlas/-/world-atlas-2.0.2.tgz",
      "integrity": "sha512-IXfV0qwlKXpckz1FhwXVwKRjiIhOnWttOskm5CtxMsjgE/MXAYRHWJqgXOpM8IkcPBoXnyTU5lFHcYa5ChG0LQ==",
      "dev": true,
      "license": "ISC"
    },
    "node_modules/world-countries": {
      "version": "5.1.0",
      "resolved": "https://registry.npmjs.org/world-countries/-/world-countries-5.1.0.tgz",
      "integrity": "sha512-CXR6EBvTbArDlDDIWU3gfKb7Qk0ck2WNZ234b/A0vuecPzIfzzxH+O6Ejnvg1sT8XuiZjVlzOH0h08ZtaO7g0w==",
      "dev": true
    }
  }
}
